// !$*UTF8*$!
{
	archiveVersion = 1;
	classes = {
	};
	objectVersion = 48;
	objects = {

/* Begin PBXBuildFile section */
		201DF32A2022E900003B924D /* PhotosViewController.swift in Sources */ = {isa = PBXBuildFile; fileRef = 201DF3292022E900003B924D /* PhotosViewController.swift */; };
		20775C0C2022E7B500A0DB8A /* AppDelegate.swift in Sources */ = {isa = PBXBuildFile; fileRef = 20775C0B2022E7B500A0DB8A /* AppDelegate.swift */; };
		20775C112022E7B500A0DB8A /* Main.storyboard in Resources */ = {isa = PBXBuildFile; fileRef = 20775C0F2022E7B500A0DB8A /* Main.storyboard */; };
		20775C132022E7B500A0DB8A /* Assets.xcassets in Resources */ = {isa = PBXBuildFile; fileRef = 20775C122022E7B500A0DB8A /* Assets.xcassets */; };
		20775C162022E7B500A0DB8A /* LaunchScreen.storyboard in Resources */ = {isa = PBXBuildFile; fileRef = 20775C142022E7B500A0DB8A /* LaunchScreen.storyboard */; };
		20775C212022E7B600A0DB8A /* TumblrTests.swift in Sources */ = {isa = PBXBuildFile; fileRef = 20775C202022E7B600A0DB8A /* TumblrTests.swift */; };
		20775C2C2022E7B600A0DB8A /* TumblrUITests.swift in Sources */ = {isa = PBXBuildFile; fileRef = 20775C2B2022E7B600A0DB8A /* TumblrUITests.swift */; };
		20D243BD20271C2600CE8BF2 /* DetailViewController.swift in Sources */ = {isa = PBXBuildFile; fileRef = 20D243BC20271C2600CE8BF2 /* DetailViewController.swift */; };
		20E9D62C2025CE4A00925333 /* PhotoCell.swift in Sources */ = {isa = PBXBuildFile; fileRef = 20E9D62B2025CE4A00925333 /* PhotoCell.swift */; };
		3DD6E81F103FB992DCAE9B49 /* Pods_TumblrTests.framework in Frameworks */ = {isa = PBXBuildFile; fileRef = F33C8E3DEE6A5CAB8A3DB5D0 /* Pods_TumblrTests.framework */; };
		78132F908809F50D8F80F697 /* Pods_TumblrUITests.framework in Frameworks */ = {isa = PBXBuildFile; fileRef = E89D3EAE6BDD946FE1E73C07 /* Pods_TumblrUITests.framework */; };
		C8C6FE3BB1260A43103F95E5 /* Pods_Tumblr.framework in Frameworks */ = {isa = PBXBuildFile; fileRef = 0CEFF2F1D1E8234C24F9834C /* Pods_Tumblr.framework */; };
/* End PBXBuildFile section */

/* Begin PBXContainerItemProxy section */
		20775C1D2022E7B600A0DB8A /* PBXContainerItemProxy */ = {
			isa = PBXContainerItemProxy;
			containerPortal = 20775C002022E7B500A0DB8A /* Project object */;
			proxyType = 1;
			remoteGlobalIDString = 20775C072022E7B500A0DB8A;
			remoteInfo = Tumblr;
		};
		20775C282022E7B600A0DB8A /* PBXContainerItemProxy */ = {
			isa = PBXContainerItemProxy;
			containerPortal = 20775C002022E7B500A0DB8A /* Project object */;
			proxyType = 1;
			remoteGlobalIDString = 20775C072022E7B500A0DB8A;
			remoteInfo = Tumblr;
		};
/* End PBXContainerItemProxy section */

/* Begin PBXFileReference section */
		0CEFF2F1D1E8234C24F9834C /* Pods_Tumblr.framework */ = {isa = PBXFileReference; explicitFileType = wrapper.framework; includeInIndex = 0; path = Pods_Tumblr.framework; sourceTree = BUILT_PRODUCTS_DIR; };
		201DF3292022E900003B924D /* PhotosViewController.swift */ = {isa = PBXFileReference; lastKnownFileType = sourcecode.swift; path = PhotosViewController.swift; sourceTree = "<group>"; };
		20775C082022E7B500A0DB8A /* Tumblr.app */ = {isa = PBXFileReference; explicitFileType = wrapper.application; includeInIndex = 0; path = Tumblr.app; sourceTree = BUILT_PRODUCTS_DIR; };
		20775C0B2022E7B500A0DB8A /* AppDelegate.swift */ = {isa = PBXFileReference; lastKnownFileType = sourcecode.swift; path = AppDelegate.swift; sourceTree = "<group>"; };
		20775C102022E7B500A0DB8A /* Base */ = {isa = PBXFileReference; lastKnownFileType = file.storyboard; name = Base; path = Base.lproj/Main.storyboard; sourceTree = "<group>"; };
		20775C122022E7B500A0DB8A /* Assets.xcassets */ = {isa = PBXFileReference; lastKnownFileType = folder.assetcatalog; path = Assets.xcassets; sourceTree = "<group>"; };
		20775C152022E7B500A0DB8A /* Base */ = {isa = PBXFileReference; lastKnownFileType = file.storyboard; name = Base; path = Base.lproj/LaunchScreen.storyboard; sourceTree = "<group>"; };
		20775C172022E7B500A0DB8A /* Info.plist */ = {isa = PBXFileReference; lastKnownFileType = text.plist.xml; path = Info.plist; sourceTree = "<group>"; };
		20775C1C2022E7B600A0DB8A /* TumblrTests.xctest */ = {isa = PBXFileReference; explicitFileType = wrapper.cfbundle; includeInIndex = 0; path = TumblrTests.xctest; sourceTree = BUILT_PRODUCTS_DIR; };
		20775C202022E7B600A0DB8A /* TumblrTests.swift */ = {isa = PBXFileReference; lastKnownFileType = sourcecode.swift; path = TumblrTests.swift; sourceTree = "<group>"; };
		20775C222022E7B600A0DB8A /* Info.plist */ = {isa = PBXFileReference; lastKnownFileType = text.plist.xml; path = Info.plist; sourceTree = "<group>"; };
		20775C272022E7B600A0DB8A /* TumblrUITests.xctest */ = {isa = PBXFileReference; explicitFileType = wrapper.cfbundle; includeInIndex = 0; path = TumblrUITests.xctest; sourceTree = BUILT_PRODUCTS_DIR; };
		20775C2B2022E7B600A0DB8A /* TumblrUITests.swift */ = {isa = PBXFileReference; lastKnownFileType = sourcecode.swift; path = TumblrUITests.swift; sourceTree = "<group>"; };
		20775C2D2022E7B600A0DB8A /* Info.plist */ = {isa = PBXFileReference; lastKnownFileType = text.plist.xml; path = Info.plist; sourceTree = "<group>"; };
		20D243BC20271C2600CE8BF2 /* DetailViewController.swift */ = {isa = PBXFileReference; lastKnownFileType = sourcecode.swift; path = DetailViewController.swift; sourceTree = "<group>"; };
		20E9D62B2025CE4A00925333 /* PhotoCell.swift */ = {isa = PBXFileReference; lastKnownFileType = sourcecode.swift; path = PhotoCell.swift; sourceTree = "<group>"; };
		4D0A2135DC6E06737D91FE5D /* Pods-TumblrTests.release.xcconfig */ = {isa = PBXFileReference; includeInIndex = 1; lastKnownFileType = text.xcconfig; name = "Pods-TumblrTests.release.xcconfig"; path = "Pods/Target Support Files/Pods-TumblrTests/Pods-TumblrTests.release.xcconfig"; sourceTree = "<group>"; };
		66103C971AB10A41451AED6E /* Pods-TumblrTests.debug.xcconfig */ = {isa = PBXFileReference; includeInIndex = 1; lastKnownFileType = text.xcconfig; name = "Pods-TumblrTests.debug.xcconfig"; path = "Pods/Target Support Files/Pods-TumblrTests/Pods-TumblrTests.debug.xcconfig"; sourceTree = "<group>"; };
		9EE7702C65775024F5860750 /* Pods-Tumblr.release.xcconfig */ = {isa = PBXFileReference; includeInIndex = 1; lastKnownFileType = text.xcconfig; name = "Pods-Tumblr.release.xcconfig"; path = "Pods/Target Support Files/Pods-Tumblr/Pods-Tumblr.release.xcconfig"; sourceTree = "<group>"; };
		B96DEC467D648AC08880C4B4 /* Pods-TumblrUITests.release.xcconfig */ = {isa = PBXFileReference; includeInIndex = 1; lastKnownFileType = text.xcconfig; name = "Pods-TumblrUITests.release.xcconfig"; path = "Pods/Target Support Files/Pods-TumblrUITests/Pods-TumblrUITests.release.xcconfig"; sourceTree = "<group>"; };
		C0EF1EBD252FCF2F838D4A00 /* Pods-TumblrUITests.debug.xcconfig */ = {isa = PBXFileReference; includeInIndex = 1; lastKnownFileType = text.xcconfig; name = "Pods-TumblrUITests.debug.xcconfig"; path = "Pods/Target Support Files/Pods-TumblrUITests/Pods-TumblrUITests.debug.xcconfig"; sourceTree = "<group>"; };
		C3D689190F3636C4D8222C12 /* Pods-Tumblr.debug.xcconfig */ = {isa = PBXFileReference; includeInIndex = 1; lastKnownFileType = text.xcconfig; name = "Pods-Tumblr.debug.xcconfig"; path = "Pods/Target Support Files/Pods-Tumblr/Pods-Tumblr.debug.xcconfig"; sourceTree = "<group>"; };
		E89D3EAE6BDD946FE1E73C07 /* Pods_TumblrUITests.framework */ = {isa = PBXFileReference; explicitFileType = wrapper.framework; includeInIndex = 0; path = Pods_TumblrUITests.framework; sourceTree = BUILT_PRODUCTS_DIR; };
		F33C8E3DEE6A5CAB8A3DB5D0 /* Pods_TumblrTests.framework */ = {isa = PBXFileReference; explicitFileType = wrapper.framework; includeInIndex = 0; path = Pods_TumblrTests.framework; sourceTree = BUILT_PRODUCTS_DIR; };
/* End PBXFileReference section */

/* Begin PBXFrameworksBuildPhase section */
		20775C052022E7B500A0DB8A /* Frameworks */ = {
			isa = PBXFrameworksBuildPhase;
			buildActionMask = 2147483647;
			files = (
				C8C6FE3BB1260A43103F95E5 /* Pods_Tumblr.framework in Frameworks */,
			);
			runOnlyForDeploymentPostprocessing = 0;
		};
		20775C192022E7B600A0DB8A /* Frameworks */ = {
			isa = PBXFrameworksBuildPhase;
			buildActionMask = 2147483647;
			files = (
				3DD6E81F103FB992DCAE9B49 /* Pods_TumblrTests.framework in Frameworks */,
			);
			runOnlyForDeploymentPostprocessing = 0;
		};
		20775C242022E7B600A0DB8A /* Frameworks */ = {
			isa = PBXFrameworksBuildPhase;
			buildActionMask = 2147483647;
			files = (
				78132F908809F50D8F80F697 /* Pods_TumblrUITests.framework in Frameworks */,
			);
			runOnlyForDeploymentPostprocessing = 0;
		};
/* End PBXFrameworksBuildPhase section */

/* Begin PBXGroup section */
		20775BFF2022E7B500A0DB8A = {
			isa = PBXGroup;
			children = (
				20775C0A2022E7B500A0DB8A /* Tumblr */,
				20775C1F2022E7B600A0DB8A /* TumblrTests */,
				20775C2A2022E7B600A0DB8A /* TumblrUITests */,
				20775C092022E7B500A0DB8A /* Products */,
				B306493A6FDD87E4B6FE8092 /* Pods */,
				4C1987C9E0F4779F1B0BFC62 /* Frameworks */,
			);
			sourceTree = "<group>";
		};
		20775C092022E7B500A0DB8A /* Products */ = {
			isa = PBXGroup;
			children = (
				20775C082022E7B500A0DB8A /* Tumblr.app */,
				20775C1C2022E7B600A0DB8A /* TumblrTests.xctest */,
				20775C272022E7B600A0DB8A /* TumblrUITests.xctest */,
			);
			name = Products;
			sourceTree = "<group>";
		};
		20775C0A2022E7B500A0DB8A /* Tumblr */ = {
			isa = PBXGroup;
			children = (
				20775C0B2022E7B500A0DB8A /* AppDelegate.swift */,
				20775C0F2022E7B500A0DB8A /* Main.storyboard */,
				20775C122022E7B500A0DB8A /* Assets.xcassets */,
				20775C142022E7B500A0DB8A /* LaunchScreen.storyboard */,
				20775C172022E7B500A0DB8A /* Info.plist */,
				201DF3292022E900003B924D /* PhotosViewController.swift */,
				20E9D62B2025CE4A00925333 /* PhotoCell.swift */,
				20D243BC20271C2600CE8BF2 /* DetailViewController.swift */,
			);
			path = Tumblr;
			sourceTree = "<group>";
		};
		20775C1F2022E7B600A0DB8A /* TumblrTests */ = {
			isa = PBXGroup;
			children = (
				20775C202022E7B600A0DB8A /* TumblrTests.swift */,
				20775C222022E7B600A0DB8A /* Info.plist */,
			);
			path = TumblrTests;
			sourceTree = "<group>";
		};
		20775C2A2022E7B600A0DB8A /* TumblrUITests */ = {
			isa = PBXGroup;
			children = (
				20775C2B2022E7B600A0DB8A /* TumblrUITests.swift */,
				20775C2D2022E7B600A0DB8A /* Info.plist */,
			);
			path = TumblrUITests;
			sourceTree = "<group>";
		};
		4C1987C9E0F4779F1B0BFC62 /* Frameworks */ = {
			isa = PBXGroup;
			children = (
				0CEFF2F1D1E8234C24F9834C /* Pods_Tumblr.framework */,
				F33C8E3DEE6A5CAB8A3DB5D0 /* Pods_TumblrTests.framework */,
				E89D3EAE6BDD946FE1E73C07 /* Pods_TumblrUITests.framework */,
			);
			name = Frameworks;
			sourceTree = "<group>";
		};
		B306493A6FDD87E4B6FE8092 /* Pods */ = {
			isa = PBXGroup;
			children = (
				C3D689190F3636C4D8222C12 /* Pods-Tumblr.debug.xcconfig */,
				9EE7702C65775024F5860750 /* Pods-Tumblr.release.xcconfig */,
				66103C971AB10A41451AED6E /* Pods-TumblrTests.debug.xcconfig */,
				4D0A2135DC6E06737D91FE5D /* Pods-TumblrTests.release.xcconfig */,
				C0EF1EBD252FCF2F838D4A00 /* Pods-TumblrUITests.debug.xcconfig */,
				B96DEC467D648AC08880C4B4 /* Pods-TumblrUITests.release.xcconfig */,
			);
			name = Pods;
			sourceTree = "<group>";
		};
/* End PBXGroup section */

/* Begin PBXNativeTarget section */
		20775C072022E7B500A0DB8A /* Tumblr */ = {
			isa = PBXNativeTarget;
			buildConfigurationList = 20775C302022E7B600A0DB8A /* Build configuration list for PBXNativeTarget "Tumblr" */;
			buildPhases = (
				C5878B5B7E548916BCEA5624 /* [CP] Check Pods Manifest.lock */,
				20775C042022E7B500A0DB8A /* Sources */,
				20775C052022E7B500A0DB8A /* Frameworks */,
				20775C062022E7B500A0DB8A /* Resources */,
				6FFB7D2AE8D31D77DBF88E73 /* [CP] Embed Pods Frameworks */,
				A34962939484B80742A90594 /* [CP] Copy Pods Resources */,
			);
			buildRules = (
			);
			dependencies = (
			);
			name = Tumblr;
			productName = Tumblr;
			productReference = 20775C082022E7B500A0DB8A /* Tumblr.app */;
			productType = "com.apple.product-type.application";
		};
		20775C1B2022E7B600A0DB8A /* TumblrTests */ = {
			isa = PBXNativeTarget;
			buildConfigurationList = 20775C332022E7B600A0DB8A /* Build configuration list for PBXNativeTarget "TumblrTests" */;
			buildPhases = (
				DF6CDE2CEBF5AB5D6E191308 /* [CP] Check Pods Manifest.lock */,
				20775C182022E7B600A0DB8A /* Sources */,
				20775C192022E7B600A0DB8A /* Frameworks */,
				20775C1A2022E7B600A0DB8A /* Resources */,
				EF1EDA07662599A3B9EC6878 /* [CP] Embed Pods Frameworks */,
				935403C0D3DC3C07AEFC8960 /* [CP] Copy Pods Resources */,
			);
			buildRules = (
			);
			dependencies = (
				20775C1E2022E7B600A0DB8A /* PBXTargetDependency */,
			);
			name = TumblrTests;
			productName = TumblrTests;
			productReference = 20775C1C2022E7B600A0DB8A /* TumblrTests.xctest */;
			productType = "com.apple.product-type.bundle.unit-test";
		};
		20775C262022E7B600A0DB8A /* TumblrUITests */ = {
			isa = PBXNativeTarget;
			buildConfigurationList = 20775C362022E7B600A0DB8A /* Build configuration list for PBXNativeTarget "TumblrUITests" */;
			buildPhases = (
				729D8C4BCDDB9A01ED1F57F6 /* [CP] Check Pods Manifest.lock */,
				20775C232022E7B600A0DB8A /* Sources */,
				20775C242022E7B600A0DB8A /* Frameworks */,
				20775C252022E7B600A0DB8A /* Resources */,
				077231DB77ABE616E1AD92CF /* [CP] Embed Pods Frameworks */,
				32E735A70633A06663F8C3E1 /* [CP] Copy Pods Resources */,
			);
			buildRules = (
			);
			dependencies = (
				20775C292022E7B600A0DB8A /* PBXTargetDependency */,
			);
			name = TumblrUITests;
			productName = TumblrUITests;
			productReference = 20775C272022E7B600A0DB8A /* TumblrUITests.xctest */;
			productType = "com.apple.product-type.bundle.ui-testing";
		};
/* End PBXNativeTarget section */

/* Begin PBXProject section */
		20775C002022E7B500A0DB8A /* Project object */ = {
			isa = PBXProject;
			attributes = {
				LastSwiftUpdateCheck = 0920;
				LastUpgradeCheck = 0920;
				ORGANIZATIONNAME = hyelim;
				TargetAttributes = {
					20775C072022E7B500A0DB8A = {
						CreatedOnToolsVersion = 9.2;
						ProvisioningStyle = Automatic;
					};
					20775C1B2022E7B600A0DB8A = {
						CreatedOnToolsVersion = 9.2;
						ProvisioningStyle = Automatic;
						TestTargetID = 20775C072022E7B500A0DB8A;
					};
					20775C262022E7B600A0DB8A = {
						CreatedOnToolsVersion = 9.2;
						ProvisioningStyle = Automatic;
						TestTargetID = 20775C072022E7B500A0DB8A;
					};
				};
			};
			buildConfigurationList = 20775C032022E7B500A0DB8A /* Build configuration list for PBXProject "Tumblr" */;
			compatibilityVersion = "Xcode 8.0";
			developmentRegion = en;
			hasScannedForEncodings = 0;
			knownRegions = (
				en,
				Base,
			);
			mainGroup = 20775BFF2022E7B500A0DB8A;
			productRefGroup = 20775C092022E7B500A0DB8A /* Products */;
			projectDirPath = "";
			projectRoot = "";
			targets = (
				20775C072022E7B500A0DB8A /* Tumblr */,
				20775C1B2022E7B600A0DB8A /* TumblrTests */,
				20775C262022E7B600A0DB8A /* TumblrUITests */,
			);
		};
/* End PBXProject section */

/* Begin PBXResourcesBuildPhase section */
		20775C062022E7B500A0DB8A /* Resources */ = {
			isa = PBXResourcesBuildPhase;
			buildActionMask = 2147483647;
			files = (
				20775C162022E7B500A0DB8A /* LaunchScreen.storyboard in Resources */,
				20775C132022E7B500A0DB8A /* Assets.xcassets in Resources */,
				20775C112022E7B500A0DB8A /* Main.storyboard in Resources */,
			);
			runOnlyForDeploymentPostprocessing = 0;
		};
		20775C1A2022E7B600A0DB8A /* Resources */ = {
			isa = PBXResourcesBuildPhase;
			buildActionMask = 2147483647;
			files = (
			);
			runOnlyForDeploymentPostprocessing = 0;
		};
		20775C252022E7B600A0DB8A /* Resources */ = {
			isa = PBXResourcesBuildPhase;
			buildActionMask = 2147483647;
			files = (
			);
			runOnlyForDeploymentPostprocessing = 0;
		};
/* End PBXResourcesBuildPhase section */

/* Begin PBXShellScriptBuildPhase section */
		077231DB77ABE616E1AD92CF /* [CP] Embed Pods Frameworks */ = {
			isa = PBXShellScriptBuildPhase;
			buildActionMask = 2147483647;
			files = (
			);
			inputPaths = (
			);
			name = "[CP] Embed Pods Frameworks";
			outputPaths = (
			);
			runOnlyForDeploymentPostprocessing = 0;
			shellPath = /bin/sh;
			shellScript = "\"${SRCROOT}/Pods/Target Support Files/Pods-TumblrUITests/Pods-TumblrUITests-frameworks.sh\"\n";
			showEnvVarsInLog = 0;
		};
		32E735A70633A06663F8C3E1 /* [CP] Copy Pods Resources */ = {
			isa = PBXShellScriptBuildPhase;
			buildActionMask = 2147483647;
			files = (
			);
			inputPaths = (
			);
			name = "[CP] Copy Pods Resources";
			outputPaths = (
			);
			runOnlyForDeploymentPostprocessing = 0;
			shellPath = /bin/sh;
			shellScript = "\"${SRCROOT}/Pods/Target Support Files/Pods-TumblrUITests/Pods-TumblrUITests-resources.sh\"\n";
			showEnvVarsInLog = 0;
		};
		6FFB7D2AE8D31D77DBF88E73 /* [CP] Embed Pods Frameworks */ = {
			isa = PBXShellScriptBuildPhase;
			buildActionMask = 2147483647;
			files = (
			);
			inputPaths = (
				"${SRCROOT}/Pods/Target Support Files/Pods-Tumblr/Pods-Tumblr-frameworks.sh",
				"${BUILT_PRODUCTS_DIR}/Alamofire/Alamofire.framework",
				"${BUILT_PRODUCTS_DIR}/AlamofireImage/AlamofireImage.framework",
			);
			name = "[CP] Embed Pods Frameworks";
			outputPaths = (
				"${TARGET_BUILD_DIR}/${FRAMEWORKS_FOLDER_PATH}/Alamofire.framework",
				"${TARGET_BUILD_DIR}/${FRAMEWORKS_FOLDER_PATH}/AlamofireImage.framework",
			);
			runOnlyForDeploymentPostprocessing = 0;
			shellPath = /bin/sh;
			shellScript = "\"${SRCROOT}/Pods/Target Support Files/Pods-Tumblr/Pods-Tumblr-frameworks.sh\"\n";
			showEnvVarsInLog = 0;
		};
		729D8C4BCDDB9A01ED1F57F6 /* [CP] Check Pods Manifest.lock */ = {
			isa = PBXShellScriptBuildPhase;
			buildActionMask = 2147483647;
			files = (
			);
			inputPaths = (
				"${PODS_PODFILE_DIR_PATH}/Podfile.lock",
				"${PODS_ROOT}/Manifest.lock",
			);
			name = "[CP] Check Pods Manifest.lock";
			outputPaths = (
				"$(DERIVED_FILE_DIR)/Pods-TumblrUITests-checkManifestLockResult.txt",
			);
			runOnlyForDeploymentPostprocessing = 0;
			shellPath = /bin/sh;
			shellScript = "diff \"${PODS_PODFILE_DIR_PATH}/Podfile.lock\" \"${PODS_ROOT}/Manifest.lock\" > /dev/null\nif [ $? != 0 ] ; then\n    # print error to STDERR\n    echo \"error: The sandbox is not in sync with the Podfile.lock. Run 'pod install' or update your CocoaPods installation.\" >&2\n    exit 1\nfi\n# This output is used by Xcode 'outputs' to avoid re-running this script phase.\necho \"SUCCESS\" > \"${SCRIPT_OUTPUT_FILE_0}\"\n";
			showEnvVarsInLog = 0;
		};
		935403C0D3DC3C07AEFC8960 /* [CP] Copy Pods Resources */ = {
			isa = PBXShellScriptBuildPhase;
			buildActionMask = 2147483647;
			files = (
			);
			inputPaths = (
			);
			name = "[CP] Copy Pods Resources";
			outputPaths = (
			);
			runOnlyForDeploymentPostprocessing = 0;
			shellPath = /bin/sh;
			shellScript = "\"${SRCROOT}/Pods/Target Support Files/Pods-TumblrTests/Pods-TumblrTests-resources.sh\"\n";
			showEnvVarsInLog = 0;
		};
		A34962939484B80742A90594 /* [CP] Copy Pods Resources */ = {
			isa = PBXShellScriptBuildPhase;
			buildActionMask = 2147483647;
			files = (
			);
			inputPaths = (
			);
			name = "[CP] Copy Pods Resources";
			outputPaths = (
			);
			runOnlyForDeploymentPostprocessing = 0;
			shellPath = /bin/sh;
			shellScript = "\"${SRCROOT}/Pods/Target Support Files/Pods-Tumblr/Pods-Tumblr-resources.sh\"\n";
			showEnvVarsInLog = 0;
		};
		C5878B5B7E548916BCEA5624 /* [CP] Check Pods Manifest.lock */ = {
			isa = PBXShellScriptBuildPhase;
			buildActionMask = 2147483647;
			files = (
			);
			inputPaths = (
				"${PODS_PODFILE_DIR_PATH}/Podfile.lock",
				"${PODS_ROOT}/Manifest.lock",
			);
			name = "[CP] Check Pods Manifest.lock";
			outputPaths = (
				"$(DERIVED_FILE_DIR)/Pods-Tumblr-checkManifestLockResult.txt",
			);
			runOnlyForDeploymentPostprocessing = 0;
			shellPath = /bin/sh;
			shellScript = "diff \"${PODS_PODFILE_DIR_PATH}/Podfile.lock\" \"${PODS_ROOT}/Manifest.lock\" > /dev/null\nif [ $? != 0 ] ; then\n    # print error to STDERR\n    echo \"error: The sandbox is not in sync with the Podfile.lock. Run 'pod install' or update your CocoaPods installation.\" >&2\n    exit 1\nfi\n# This output is used by Xcode 'outputs' to avoid re-running this script phase.\necho \"SUCCESS\" > \"${SCRIPT_OUTPUT_FILE_0}\"\n";
			showEnvVarsInLog = 0;
		};
		DF6CDE2CEBF5AB5D6E191308 /* [CP] Check Pods Manifest.lock */ = {
			isa = PBXShellScriptBuildPhase;
			buildActionMask = 2147483647;
			files = (
			);
			inputPaths = (
				"${PODS_PODFILE_DIR_PATH}/Podfile.lock",
				"${PODS_ROOT}/Manifest.lock",
			);
			name = "[CP] Check Pods Manifest.lock";
			outputPaths = (
				"$(DERIVED_FILE_DIR)/Pods-TumblrTests-checkManifestLockResult.txt",
			);
			runOnlyForDeploymentPostprocessing = 0;
			shellPath = /bin/sh;
			shellScript = "diff \"${PODS_PODFILE_DIR_PATH}/Podfile.lock\" \"${PODS_ROOT}/Manifest.lock\" > /dev/null\nif [ $? != 0 ] ; then\n    # print error to STDERR\n    echo \"error: The sandbox is not in sync with the Podfile.lock. Run 'pod install' or update your CocoaPods installation.\" >&2\n    exit 1\nfi\n# This output is used by Xcode 'outputs' to avoid re-running this script phase.\necho \"SUCCESS\" > \"${SCRIPT_OUTPUT_FILE_0}\"\n";
			showEnvVarsInLog = 0;
		};
		EF1EDA07662599A3B9EC6878 /* [CP] Embed Pods Frameworks */ = {
			isa = PBXShellScriptBuildPhase;
			buildActionMask = 2147483647;
			files = (
			);
			inputPaths = (
			);
			name = "[CP] Embed Pods Frameworks";
			outputPaths = (
			);
			runOnlyForDeploymentPostprocessing = 0;
			shellPath = /bin/sh;
			shellScript = "\"${SRCROOT}/Pods/Target Support Files/Pods-TumblrTests/Pods-TumblrTests-frameworks.sh\"\n";
			showEnvVarsInLog = 0;
		};
/* End PBXShellScriptBuildPhase section */

/* Begin PBXSourcesBuildPhase section */
		20775C042022E7B500A0DB8A /* Sources */ = {
			isa = PBXSourcesBuildPhase;
			buildActionMask = 2147483647;
			files = (
				20775C0C2022E7B500A0DB8A /* AppDelegate.swift in Sources */,
				20E9D62C2025CE4A00925333 /* PhotoCell.swift in Sources */,
				201DF32A2022E900003B924D /* PhotosViewController.swift in Sources */,
				20D243BD20271C2600CE8BF2 /* DetailViewController.swift in Sources */,
			);
			runOnlyForDeploymentPostprocessing = 0;
		};
		20775C182022E7B600A0DB8A /* Sources */ = {
			isa = PBXSourcesBuildPhase;
			buildActionMask = 2147483647;
			files = (
				20775C212022E7B600A0DB8A /* TumblrTests.swift in Sources */,
			);
			runOnlyForDeploymentPostprocessing = 0;
		};
		20775C232022E7B600A0DB8A /* Sources */ = {
			isa = PBXSourcesBuildPhase;
			buildActionMask = 2147483647;
			files = (
				20775C2C2022E7B600A0DB8A /* TumblrUITests.swift in Sources */,
			);
			runOnlyForDeploymentPostprocessing = 0;
		};
/* End PBXSourcesBuildPhase section */

/* Begin PBXTargetDependency section */
		20775C1E2022E7B600A0DB8A /* PBXTargetDependency */ = {
			isa = PBXTargetDependency;
			target = 20775C072022E7B500A0DB8A /* Tumblr */;
			targetProxy = 20775C1D2022E7B600A0DB8A /* PBXContainerItemProxy */;
		};
		20775C292022E7B600A0DB8A /* PBXTargetDependency */ = {
			isa = PBXTargetDependency;
			target = 20775C072022E7B500A0DB8A /* Tumblr */;
			targetProxy = 20775C282022E7B600A0DB8A /* PBXContainerItemProxy */;
		};
/* End PBXTargetDependency section */

/* Begin PBXVariantGroup section */
		20775C0F2022E7B500A0DB8A /* Main.storyboard */ = {
			isa = PBXVariantGroup;
			children = (
				20775C102022E7B500A0DB8A /* Base */,
			);
			name = Main.storyboard;
			sourceTree = "<group>";
		};
		20775C142022E7B500A0DB8A /* LaunchScreen.storyboard */ = {
			isa = PBXVariantGroup;
			children = (
				20775C152022E7B500A0DB8A /* Base */,
			);
			name = LaunchScreen.storyboard;
			sourceTree = "<group>";
		};
/* End PBXVariantGroup section */

/* Begin XCBuildConfiguration section */
		20775C2E2022E7B600A0DB8A /* Debug */ = {
			isa = XCBuildConfiguration;
			buildSettings = {
				ALWAYS_SEARCH_USER_PATHS = NO;
				CLANG_ANALYZER_NONNULL = YES;
				CLANG_ANALYZER_NUMBER_OBJECT_CONVERSION = YES_AGGRESSIVE;
				CLANG_CXX_LANGUAGE_STANDARD = "gnu++14";
				CLANG_CXX_LIBRARY = "libc++";
				CLANG_ENABLE_MODULES = YES;
				CLANG_ENABLE_OBJC_ARC = YES;
				CLANG_WARN_BLOCK_CAPTURE_AUTORELEASING = YES;
				CLANG_WARN_BOOL_CONVERSION = YES;
				CLANG_WARN_COMMA = YES;
				CLANG_WARN_CONSTANT_CONVERSION = YES;
				CLANG_WARN_DIRECT_OBJC_ISA_USAGE = YES_ERROR;
				CLANG_WARN_DOCUMENTATION_COMMENTS = YES;
				CLANG_WARN_EMPTY_BODY = YES;
				CLANG_WARN_ENUM_CONVERSION = YES;
				CLANG_WARN_INFINITE_RECURSION = YES;
				CLANG_WARN_INT_CONVERSION = YES;
				CLANG_WARN_NON_LITERAL_NULL_CONVERSION = YES;
				CLANG_WARN_OBJC_LITERAL_CONVERSION = YES;
				CLANG_WARN_OBJC_ROOT_CLASS = YES_ERROR;
				CLANG_WARN_RANGE_LOOP_ANALYSIS = YES;
				CLANG_WARN_STRICT_PROTOTYPES = YES;
				CLANG_WARN_SUSPICIOUS_MOVE = YES;
				CLANG_WARN_UNGUARDED_AVAILABILITY = YES_AGGRESSIVE;
				CLANG_WARN_UNREACHABLE_CODE = YES;
				CLANG_WARN__DUPLICATE_METHOD_MATCH = YES;
				CODE_SIGN_IDENTITY = "iPhone Developer";
				COPY_PHASE_STRIP = NO;
				DEBUG_INFORMATION_FORMAT = dwarf;
				ENABLE_STRICT_OBJC_MSGSEND = YES;
				ENABLE_TESTABILITY = YES;
				GCC_C_LANGUAGE_STANDARD = gnu11;
				GCC_DYNAMIC_NO_PIC = NO;
				GCC_NO_COMMON_BLOCKS = YES;
				GCC_OPTIMIZATION_LEVEL = 0;
				GCC_PREPROCESSOR_DEFINITIONS = (
					"DEBUG=1",
					"$(inherited)",
				);
				GCC_WARN_64_TO_32_BIT_CONVERSION = YES;
				GCC_WARN_ABOUT_RETURN_TYPE = YES_ERROR;
				GCC_WARN_UNDECLARED_SELECTOR = YES;
				GCC_WARN_UNINITIALIZED_AUTOS = YES_AGGRESSIVE;
				GCC_WARN_UNUSED_FUNCTION = YES;
				GCC_WARN_UNUSED_VARIABLE = YES;
				IPHONEOS_DEPLOYMENT_TARGET = 11.2;
				MTL_ENABLE_DEBUG_INFO = YES;
				ONLY_ACTIVE_ARCH = YES;
				SDKROOT = iphoneos;
				SWIFT_ACTIVE_COMPILATION_CONDITIONS = DEBUG;
				SWIFT_OPTIMIZATION_LEVEL = "-Onone";
			};
			name = Debug;
		};
		20775C2F2022E7B600A0DB8A /* Release */ = {
			isa = XCBuildConfiguration;
			buildSettings = {
				ALWAYS_SEARCH_USER_PATHS = NO;
				CLANG_ANALYZER_NONNULL = YES;
				CLANG_ANALYZER_NUMBER_OBJECT_CONVERSION = YES_AGGRESSIVE;
				CLANG_CXX_LANGUAGE_STANDARD = "gnu++14";
				CLANG_CXX_LIBRARY = "libc++";
				CLANG_ENABLE_MODULES = YES;
				CLANG_ENABLE_OBJC_ARC = YES;
				CLANG_WARN_BLOCK_CAPTURE_AUTORELEASING = YES;
				CLANG_WARN_BOOL_CONVERSION = YES;
				CLANG_WARN_COMMA = YES;
				CLANG_WARN_CONSTANT_CONVERSION = YES;
				CLANG_WARN_DIRECT_OBJC_ISA_USAGE = YES_ERROR;
				CLANG_WARN_DOCUMENTATION_COMMENTS = YES;
				CLANG_WARN_EMPTY_BODY = YES;
				CLANG_WARN_ENUM_CONVERSION = YES;
				CLANG_WARN_INFINITE_RECURSION = YES;
				CLANG_WARN_INT_CONVERSION = YES;
				CLANG_WARN_NON_LITERAL_NULL_CONVERSION = YES;
				CLANG_WARN_OBJC_LITERAL_CONVERSION = YES;
				CLANG_WARN_OBJC_ROOT_CLASS = YES_ERROR;
				CLANG_WARN_RANGE_LOOP_ANALYSIS = YES;
				CLANG_WARN_STRICT_PROTOTYPES = YES;
				CLANG_WARN_SUSPICIOUS_MOVE = YES;
				CLANG_WARN_UNGUARDED_AVAILABILITY = YES_AGGRESSIVE;
				CLANG_WARN_UNREACHABLE_CODE = YES;
				CLANG_WARN__DUPLICATE_METHOD_MATCH = YES;
				CODE_SIGN_IDENTITY = "iPhone Developer";
				COPY_PHASE_STRIP = NO;
				DEBUG_INFORMATION_FORMAT = "dwarf-with-dsym";
				ENABLE_NS_ASSERTIONS = NO;
				ENABLE_STRICT_OBJC_MSGSEND = YES;
				GCC_C_LANGUAGE_STANDARD = gnu11;
				GCC_NO_COMMON_BLOCKS = YES;
				GCC_WARN_64_TO_32_BIT_CONVERSION = YES;
				GCC_WARN_ABOUT_RETURN_TYPE = YES_ERROR;
				GCC_WARN_UNDECLARED_SELECTOR = YES;
				GCC_WARN_UNINITIALIZED_AUTOS = YES_AGGRESSIVE;
				GCC_WARN_UNUSED_FUNCTION = YES;
				GCC_WARN_UNUSED_VARIABLE = YES;
				IPHONEOS_DEPLOYMENT_TARGET = 11.2;
				MTL_ENABLE_DEBUG_INFO = NO;
				SDKROOT = iphoneos;
				SWIFT_OPTIMIZATION_LEVEL = "-Owholemodule";
				VALIDATE_PRODUCT = YES;
			};
			name = Release;
		};
		20775C312022E7B600A0DB8A /* Debug */ = {
			isa = XCBuildConfiguration;
			baseConfigurationReference = C3D689190F3636C4D8222C12 /* Pods-Tumblr.debug.xcconfig */;
			buildSettings = {
				ASSETCATALOG_COMPILER_APPICON_NAME = AppIcon;
				CODE_SIGN_STYLE = Automatic;
				DEVELOPMENT_TEAM = 6SW85PYBWB;
				INFOPLIST_FILE = Tumblr/Info.plist;
				LD_RUNPATH_SEARCH_PATHS = "$(inherited) @executable_path/Frameworks";
				PRODUCT_BUNDLE_IDENTIFIER = com.hyelim.Tumblr;
				PRODUCT_NAME = "$(TARGET_NAME)";
				SWIFT_VERSION = 4.0;
				TARGETED_DEVICE_FAMILY = "1,2";
			};
			name = Debug;
		};
		20775C322022E7B600A0DB8A /* Release */ = {
			isa = XCBuildConfiguration;
			baseConfigurationReference = 9EE7702C65775024F5860750 /* Pods-Tumblr.release.xcconfig */;
			buildSettings = {
				ASSETCATALOG_COMPILER_APPICON_NAME = AppIcon;
				CODE_SIGN_STYLE = Automatic;
				DEVELOPMENT_TEAM = 6SW85PYBWB;
				INFOPLIST_FILE = Tumblr/Info.plist;
				LD_RUNPATH_SEARCH_PATHS = "$(inherited) @executable_path/Frameworks";
				PRODUCT_BUNDLE_IDENTIFIER = com.hyelim.Tumblr;
				PRODUCT_NAME = "$(TARGET_NAME)";
				SWIFT_VERSION = 4.0;
				TARGETED_DEVICE_FAMILY = "1,2";
			};
			name = Release;
		};
		20775C342022E7B600A0DB8A /* Debug */ = {
			isa = XCBuildConfiguration;
			baseConfigurationReference = 66103C971AB10A41451AED6E /* Pods-TumblrTests.debug.xcconfig */;
			buildSettings = {
				ALWAYS_EMBED_SWIFT_STANDARD_LIBRARIES = YES;
				BUNDLE_LOADER = "$(TEST_HOST)";
				CODE_SIGN_STYLE = Automatic;
				DEVELOPMENT_TEAM = 6SW85PYBWB;
				INFOPLIST_FILE = TumblrTests/Info.plist;
				LD_RUNPATH_SEARCH_PATHS = "$(inherited) @executable_path/Frameworks @loader_path/Frameworks";
				PRODUCT_BUNDLE_IDENTIFIER = com.hyelim.TumblrTests;
				PRODUCT_NAME = "$(TARGET_NAME)";
				SWIFT_VERSION = 4.0;
				TARGETED_DEVICE_FAMILY = "1,2";
				TEST_HOST = "$(BUILT_PRODUCTS_DIR)/Tumblr.app/Tumblr";
			};
			name = Debug;
		};
		20775C352022E7B600A0DB8A /* Release */ = {
			isa = XCBuildConfiguration;
			baseConfigurationReference = 4D0A2135DC6E06737D91FE5D /* Pods-TumblrTests.release.xcconfig */;
			buildSettings = {
				ALWAYS_EMBED_SWIFT_STANDARD_LIBRARIES = YES;
				BUNDLE_LOADER = "$(TEST_HOST)";
				CODE_SIGN_STYLE = Automatic;
				DEVELOPMENT_TEAM = 6SW85PYBWB;
				INFOPLIST_FILE = TumblrTests/Info.plist;
				LD_RUNPATH_SEARCH_PATHS = "$(inherited) @executable_path/Frameworks @loader_path/Frameworks";
				PRODUCT_BUNDLE_IDENTIFIER = com.hyelim.TumblrTests;
				PRODUCT_NAME = "$(TARGET_NAME)";
				SWIFT_VERSION = 4.0;
				TARGETED_DEVICE_FAMILY = "1,2";
				TEST_HOST = "$(BUILT_PRODUCTS_DIR)/Tumblr.app/Tumblr";
			};
			name = Release;
		};
		20775C372022E7B600A0DB8A /* Debug */ = {
			isa = XCBuildConfiguration;
			baseConfigurationReference = C0EF1EBD252FCF2F838D4A00 /* Pods-TumblrUITests.debug.xcconfig */;
			buildSettings = {
				ALWAYS_EMBED_SWIFT_STANDARD_LIBRARIES = YES;
				CODE_SIGN_STYLE = Automatic;
				DEVELOPMENT_TEAM = 6SW85PYBWB;
				INFOPLIST_FILE = TumblrUITests/Info.plist;
				LD_RUNPATH_SEARCH_PATHS = "$(inherited) @executable_path/Frameworks @loader_path/Frameworks";
				PRODUCT_BUNDLE_IDENTIFIER = com.hyelim.TumblrUITests;
				PRODUCT_NAME = "$(TARGET_NAME)";
				SWIFT_VERSION = 4.0;
				TARGETED_DEVICE_FAMILY = "1,2";
				TEST_TARGET_NAME = Tumblr;
			};
			name = Debug;
		};
		20775C382022E7B600A0DB8A /* Release */ = {
			isa = XCBuildConfiguration;
			baseConfigurationReference = B96DEC467D648AC08880C4B4 /* Pods-TumblrUITests.release.xcconfig */;
			buildSettings = {
				ALWAYS_EMBED_SWIFT_STANDARD_LIBRARIES = YES;
				CODE_SIGN_STYLE = Automatic;
				DEVELOPMENT_TEAM = 6SW85PYBWB;
				INFOPLIST_FILE = TumblrUITests/Info.plist;
				LD_RUNPATH_SEARCH_PATHS = "$(inherited) @executable_path/Frameworks @loader_path/Frameworks";
				PRODUCT_BUNDLE_IDENTIFIER = com.hyelim.TumblrUITests;
				PRODUCT_NAME = "$(TARGET_NAME)";
				SWIFT_VERSION = 4.0;
				TARGETED_DEVICE_FAMILY = "1,2";
				TEST_TARGET_NAME = Tumblr;
			};
			name = Release;
		};
/* End XCBuildConfiguration section */

/* Begin XCConfigurationList section */
		20775C032022E7B500A0DB8A /* Build configuration list for PBXProject "Tumblr" */ = {
			isa = XCConfigurationList;
			buildConfigurations = (
				20775C2E2022E7B600A0DB8A /* Debug */,
				20775C2F2022E7B600A0DB8A /* Release */,
			);
			defaultConfigurationIsVisible = 0;
			defaultConfigurationName = Release;
		};
		20775C302022E7B600A0DB8A /* Build configuration list for PBXNativeTarget "Tumblr" */ = {
			isa = XCConfigurationList;
			buildConfigurations = (
				20775C312022E7B600A0DB8A /* Debug */,
				20775C322022E7B600A0DB8A /* Release */,
			);
			defaultConfigurationIsVisible = 0;
			defaultConfigurationName = Release;
		};
		20775C332022E7B600A0DB8A /* Build configuration list for PBXNativeTarget "TumblrTests" */ = {
			isa = XCConfigurationList;
			buildConfigurations = (
				20775C342022E7B600A0DB8A /* Debug */,
				20775C352022E7B600A0DB8A /* Release */,
			);
			defaultConfigurationIsVisible = 0;
			defaultConfigurationName = Release;
		};
		20775C362022E7B600A0DB8A /* Build configuration list for PBXNativeTarget "TumblrUITests" */ = {
			isa = XCConfigurationList;
			buildConfigurations = (
				20775C372022E7B600A0DB8A /* Debug */,
				20775C382022E7B600A0DB8A /* Release */,
			);
			defaultConfigurationIsVisible = 0;
			defaultConfigurationName = Release;
		};
/* End XCConfigurationList section */
	};
	rootObject = 20775C002022E7B500A0DB8A /* Project object */;
}
